
Microsoft Visual Studio Solution File, Format Version 12.00
# Visual Studio Version 16
VisualStudioVersion = 16.0.30225.117
MinimumVisualStudioVersion = 10.0.40219.1
Project("{FAE04EC0-301F-11D3-BF4B-00C04F79EFBC}") = "lab5Proj", "lab5Proj\lab5Proj.csproj", "{3CD56B61-88F8-49D9-8349-A456F0DDED91}"
EndProject
Global
	GlobalSection(SolutionConfigurationPlatforms) = preSolution
		Debug|Any CPU = Debug|Any CPU
		Release|Any CPU = Release|Any CPU
	EndGlobalSection
	GlobalSection(ProjectConfigurationPlatforms) = postSolution
		{3CD56B61-88F8-49D9-8349-A456F0DDED91}.Debug|Any CPU.ActiveCfg = Debug|Any CPU
		{3CD56B61-88F8-49D9-8349-A456F0DDED91}.Debug|Any CPU.Build.0 = Debug|Any CPU
		{3CD56B61-88F8-49D9-8349-A456F0DDED91}.Release|Any CPU.ActiveCfg = Release|Any CPU
		{3CD56B61-88F8-49D9-8349-A456F0DDED91}.Release|Any CPU.Build.0 = Release|Any CPU
	EndGlobalSection
	GlobalSection(SolutionProperties) = preSolution
		HideSolutionNode = FALSE
	EndGlobalSection
	GlobalSection(ExtensibilityGlobals) = postSolution
		SolutionGuid = {C664E39C-C68D-46C2-B32B-33CAAA17451A}
	EndGlobalSection
EndGlobal
